// !$*UTF8*$!
{
	archiveVersion = 1;
	classes = {
	};
	objectVersion = 50;
	objects = {

/* Begin PBXBuildFile section */
		9BD857FC258A961E007D0515 /* DebugLights.metal in Sources */ = {isa = PBXBuildFile; fileRef = 9BD857FA258A961E007D0515 /* DebugLights.metal */; };
		9BD857FD258A961E007D0515 /* DebugLights.swift in Sources */ = {isa = PBXBuildFile; fileRef = 9BD857FB258A961E007D0515 /* DebugLights.swift */; };
		9BF0874825896E0B0042094D /* AppDelegate.swift in Sources */ = {isa = PBXBuildFile; fileRef = 9BF0874725896E0B0042094D /* AppDelegate.swift */; };
		9BF0874A25896E0B0042094D /* ViewController.swift in Sources */ = {isa = PBXBuildFile; fileRef = 9BF0874925896E0B0042094D /* ViewController.swift */; };
		9BF0874C25896E0E0042094D /* Assets.xcassets in Resources */ = {isa = PBXBuildFile; fileRef = 9BF0874B25896E0E0042094D /* Assets.xcassets */; };
		9BF0874F25896E0E0042094D /* Main.storyboard in Resources */ = {isa = PBXBuildFile; fileRef = 9BF0874D25896E0E0042094D /* Main.storyboard */; };
		9BF0875A25896F6D0042094D /* Renderer.swift in Sources */ = {isa = PBXBuildFile; fileRef = 9BF0875925896F6D0042094D /* Renderer.swift */; };
		9BF0875D258970700042094D /* Shaders.metal in Sources */ = {isa = PBXBuildFile; fileRef = 9BF0875C258970700042094D /* Shaders.metal */; };
		9BF08760258970B60042094D /* Primitive.swift in Sources */ = {isa = PBXBuildFile; fileRef = 9BF0875F258970B60042094D /* Primitive.swift */; };
		9BF08764258970BE0042094D /* Node.swift in Sources */ = {isa = PBXBuildFile; fileRef = 9BF08763258970BE0042094D /* Node.swift */; };
		9BF08767258970C30042094D /* Camera.swift in Sources */ = {isa = PBXBuildFile; fileRef = 9BF08766258970C30042094D /* Camera.swift */; };
		9BF0876A258970C70042094D /* Model.swift in Sources */ = {isa = PBXBuildFile; fileRef = 9BF08769258970C70042094D /* Model.swift */; };
		9BF0876D258970CC0042094D /* Mesh.swift in Sources */ = {isa = PBXBuildFile; fileRef = 9BF0876C258970CC0042094D /* Mesh.swift */; };
		9BF08770258970D10042094D /* Submesh.swift in Sources */ = {isa = PBXBuildFile; fileRef = 9BF0876F258970D10042094D /* Submesh.swift */; };
		9BF08773258970D50042094D /* VertexDescriptor.swift in Sources */ = {isa = PBXBuildFile; fileRef = 9BF08772258970D50042094D /* VertexDescriptor.swift */; };
		9BF08780258971300042094D /* portal.mtl in Resources */ = {isa = PBXBuildFile; fileRef = 9BF08776258971300042094D /* portal.mtl */; };
		9BF08781258971300042094D /* treefir.mtl in Resources */ = {isa = PBXBuildFile; fileRef = 9BF08777258971300042094D /* treefir.mtl */; };
		9BF08782258971300042094D /* magic.mtl in Resources */ = {isa = PBXBuildFile; fileRef = 9BF08778258971300042094D /* magic.mtl */; };
		9BF08783258971300042094D /* stairs.mtl in Resources */ = {isa = PBXBuildFile; fileRef = 9BF08779258971300042094D /* stairs.mtl */; };
		9BF08784258971300042094D /* train.obj in Resources */ = {isa = PBXBuildFile; fileRef = 9BF0877A258971300042094D /* train.obj */; };
		9BF08785258971300042094D /* treefir.obj in Resources */ = {isa = PBXBuildFile; fileRef = 9BF0877B258971300042094D /* treefir.obj */; };
		9BF08786258971300042094D /* magic.obj in Resources */ = {isa = PBXBuildFile; fileRef = 9BF0877C258971300042094D /* magic.obj */; };
		9BF08787258971300042094D /* train.mtl in Resources */ = {isa = PBXBuildFile; fileRef = 9BF0877D258971300042094D /* train.mtl */; };
		9BF08788258971300042094D /* stairs.obj in Resources */ = {isa = PBXBuildFile; fileRef = 9BF0877E258971300042094D /* stairs.obj */; };
		9BF08789258971300042094D /* portal.obj in Resources */ = {isa = PBXBuildFile; fileRef = 9BF0877F258971300042094D /* portal.obj */; };
		9BF08791258971460042094D /* MathLibrary.swift in Sources */ = {isa = PBXBuildFile; fileRef = 9BF0878E258971460042094D /* MathLibrary.swift */; };
/* End PBXBuildFile section */

/* Begin PBXFileReference section */
		9BD857FA258A961E007D0515 /* DebugLights.metal */ = {isa = PBXFileReference; fileEncoding = 4; lastKnownFileType = sourcecode.metal; path = DebugLights.metal; sourceTree = "<group>"; };
		9BD857FB258A961E007D0515 /* DebugLights.swift */ = {isa = PBXFileReference; fileEncoding = 4; lastKnownFileType = sourcecode.swift; path = DebugLights.swift; sourceTree = "<group>"; };
		9BF0874425896E0B0042094D /* Rendering Engine.app */ = {isa = PBXFileReference; explicitFileType = wrapper.application; includeInIndex = 0; path = "Rendering Engine.app"; sourceTree = BUILT_PRODUCTS_DIR; };
		9BF0874725896E0B0042094D /* AppDelegate.swift */ = {isa = PBXFileReference; lastKnownFileType = sourcecode.swift; path = AppDelegate.swift; sourceTree = "<group>"; };
		9BF0874925896E0B0042094D /* ViewController.swift */ = {isa = PBXFileReference; lastKnownFileType = sourcecode.swift; path = ViewController.swift; sourceTree = "<group>"; };
		9BF0874B25896E0E0042094D /* Assets.xcassets */ = {isa = PBXFileReference; lastKnownFileType = folder.assetcatalog; path = Assets.xcassets; sourceTree = "<group>"; };
		9BF0874E25896E0E0042094D /* Base */ = {isa = PBXFileReference; lastKnownFileType = file.storyboard; name = Base; path = Base.lproj/Main.storyboard; sourceTree = "<group>"; };
		9BF0875025896E0E0042094D /* Info.plist */ = {isa = PBXFileReference; lastKnownFileType = text.plist.xml; path = Info.plist; sourceTree = "<group>"; };
		9BF0875125896E0E0042094D /* Rendering_Engine.entitlements */ = {isa = PBXFileReference; lastKnownFileType = text.plist.entitlements; path = Rendering_Engine.entitlements; sourceTree = "<group>"; };
		9BF0875925896F6D0042094D /* Renderer.swift */ = {isa = PBXFileReference; fileEncoding = 4; lastKnownFileType = sourcecode.swift; path = Renderer.swift; sourceTree = "<group>"; };
		9BF0875C258970700042094D /* Shaders.metal */ = {isa = PBXFileReference; fileEncoding = 4; lastKnownFileType = sourcecode.metal; path = Shaders.metal; sourceTree = "<group>"; };
		9BF0875F258970B60042094D /* Primitive.swift */ = {isa = PBXFileReference; fileEncoding = 4; lastKnownFileType = sourcecode.swift; path = Primitive.swift; sourceTree = "<group>"; };
		9BF08762258970BA0042094D /* Common.h */ = {isa = PBXFileReference; lastKnownFileType = sourcecode.c.h; path = Common.h; sourceTree = "<group>"; };
		9BF08763258970BE0042094D /* Node.swift */ = {isa = PBXFileReference; fileEncoding = 4; lastKnownFileType = sourcecode.swift; path = Node.swift; sourceTree = "<group>"; };
		9BF08766258970C30042094D /* Camera.swift */ = {isa = PBXFileReference; fileEncoding = 4; lastKnownFileType = sourcecode.swift; path = Camera.swift; sourceTree = "<group>"; };
		9BF08769258970C70042094D /* Model.swift */ = {isa = PBXFileReference; fileEncoding = 4; lastKnownFileType = sourcecode.swift; path = Model.swift; sourceTree = "<group>"; };
		9BF0876C258970CC0042094D /* Mesh.swift */ = {isa = PBXFileReference; fileEncoding = 4; lastKnownFileType = sourcecode.swift; path = Mesh.swift; sourceTree = "<group>"; };
		9BF0876F258970D10042094D /* Submesh.swift */ = {isa = PBXFileReference; fileEncoding = 4; lastKnownFileType = sourcecode.swift; path = Submesh.swift; sourceTree = "<group>"; };
		9BF08772258970D50042094D /* VertexDescriptor.swift */ = {isa = PBXFileReference; fileEncoding = 4; lastKnownFileType = sourcecode.swift; path = VertexDescriptor.swift; sourceTree = "<group>"; };
		9BF08776258971300042094D /* portal.mtl */ = {isa = PBXFileReference; fileEncoding = 4; lastKnownFileType = text; path = portal.mtl; sourceTree = "<group>"; };
		9BF08777258971300042094D /* treefir.mtl */ = {isa = PBXFileReference; fileEncoding = 4; lastKnownFileType = text; path = treefir.mtl; sourceTree = "<group>"; };
		9BF08778258971300042094D /* magic.mtl */ = {isa = PBXFileReference; fileEncoding = 4; lastKnownFileType = text; path = magic.mtl; sourceTree = "<group>"; };
		9BF08779258971300042094D /* stairs.mtl */ = {isa = PBXFileReference; fileEncoding = 4; lastKnownFileType = text; path = stairs.mtl; sourceTree = "<group>"; };
		9BF0877A258971300042094D /* train.obj */ = {isa = PBXFileReference; fileEncoding = 4; lastKnownFileType = text; path = train.obj; sourceTree = "<group>"; };
		9BF0877B258971300042094D /* treefir.obj */ = {isa = PBXFileReference; fileEncoding = 4; lastKnownFileType = text; path = treefir.obj; sourceTree = "<group>"; };
		9BF0877C258971300042094D /* magic.obj */ = {isa = PBXFileReference; fileEncoding = 4; lastKnownFileType = text; path = magic.obj; sourceTree = "<group>"; };
		9BF0877D258971300042094D /* train.mtl */ = {isa = PBXFileReference; fileEncoding = 4; lastKnownFileType = text; path = train.mtl; sourceTree = "<group>"; };
		9BF0877E258971300042094D /* stairs.obj */ = {isa = PBXFileReference; fileEncoding = 4; lastKnownFileType = text; path = stairs.obj; sourceTree = "<group>"; };
		9BF0877F258971300042094D /* portal.obj */ = {isa = PBXFileReference; fileEncoding = 4; lastKnownFileType = text; path = portal.obj; sourceTree = "<group>"; };
		9BF0878E258971460042094D /* MathLibrary.swift */ = {isa = PBXFileReference; fileEncoding = 4; lastKnownFileType = sourcecode.swift; path = MathLibrary.swift; sourceTree = "<group>"; };
/* End PBXFileReference section */

/* Begin PBXFrameworksBuildPhase section */
		9BF0874125896E0B0042094D /* Frameworks */ = {
			isa = PBXFrameworksBuildPhase;
			buildActionMask = 2147483647;
			files = (
			);
			runOnlyForDeploymentPostprocessing = 0;
		};
/* End PBXFrameworksBuildPhase section */

/* Begin PBXGroup section */
		9BF0873B25896E0A0042094D = {
			isa = PBXGroup;
			children = (
				9BF0874625896E0B0042094D /* Rendering Engine */,
				9BF0874525896E0B0042094D /* Products */,
			);
			sourceTree = "<group>";
		};
		9BF0874525896E0B0042094D /* Products */ = {
			isa = PBXGroup;
			children = (
				9BF0874425896E0B0042094D /* Rendering Engine.app */,
			);
			name = Products;
			sourceTree = "<group>";
		};
		9BF0874625896E0B0042094D /* Rendering Engine */ = {
			isa = PBXGroup;
			children = (
				9BF0878B258971460042094D /* Utility */,
				9BF08775258971300042094D /* Models */,
				9BF0874725896E0B0042094D /* AppDelegate.swift */,
				9BF0874925896E0B0042094D /* ViewController.swift */,
				9BF0875925896F6D0042094D /* Renderer.swift */,
				9BF0875C258970700042094D /* Shaders.metal */,
				9BF0875F258970B60042094D /* Primitive.swift */,
				9BF08762258970BA0042094D /* Common.h */,
				9BF08763258970BE0042094D /* Node.swift */,
				9BF08766258970C30042094D /* Camera.swift */,
				9BF08769258970C70042094D /* Model.swift */,
				9BF0876C258970CC0042094D /* Mesh.swift */,
				9BF0876F258970D10042094D /* Submesh.swift */,
				9BF08772258970D50042094D /* VertexDescriptor.swift */,
				9BF0874B25896E0E0042094D /* Assets.xcassets */,
				9BF0874D25896E0E0042094D /* Main.storyboard */,
				9BF0875025896E0E0042094D /* Info.plist */,
				9BF0875125896E0E0042094D /* Rendering_Engine.entitlements */,
			);
			path = "Rendering Engine";
			sourceTree = "<group>";
		};
		9BF08775258971300042094D /* Models */ = {
			isa = PBXGroup;
			children = (
				9BF08776258971300042094D /* portal.mtl */,
				9BF08777258971300042094D /* treefir.mtl */,
				9BF08778258971300042094D /* magic.mtl */,
				9BF08779258971300042094D /* stairs.mtl */,
				9BF0877A258971300042094D /* train.obj */,
				9BF0877B258971300042094D /* treefir.obj */,
				9BF0877C258971300042094D /* magic.obj */,
				9BF0877D258971300042094D /* train.mtl */,
				9BF0877E258971300042094D /* stairs.obj */,
				9BF0877F258971300042094D /* portal.obj */,
			);
			path = Models;
			sourceTree = "<group>";
		};
		9BF0878B258971460042094D /* Utility */ = {
			isa = PBXGroup;
			children = (
				9BF0878E258971460042094D /* MathLibrary.swift */,
				9BD857FA258A961E007D0515 /* DebugLights.metal */,
				9BD857FB258A961E007D0515 /* DebugLights.swift */,
			);
			path = Utility;
			sourceTree = "<group>";
		};
/* End PBXGroup section */

/* Begin PBXNativeTarget section */
		9BF0874325896E0B0042094D /* Rendering Engine */ = {
			isa = PBXNativeTarget;
			buildConfigurationList = 9BF0875425896E0E0042094D /* Build configuration list for PBXNativeTarget "Rendering Engine" */;
			buildPhases = (
				9BF0874025896E0B0042094D /* Sources */,
				9BF0874125896E0B0042094D /* Frameworks */,
				9BF0874225896E0B0042094D /* Resources */,
			);
			buildRules = (
			);
			dependencies = (
			);
			name = "Rendering Engine";
			productName = "Rendering Engine";
			productReference = 9BF0874425896E0B0042094D /* Rendering Engine.app */;
			productType = "com.apple.product-type.application";
		};
/* End PBXNativeTarget section */

/* Begin PBXProject section */
		9BF0873C25896E0A0042094D /* Project object */ = {
			isa = PBXProject;
			attributes = {
				LastSwiftUpdateCheck = 1220;
				LastUpgradeCheck = 1220;
				TargetAttributes = {
					9BF0874325896E0B0042094D = {
						CreatedOnToolsVersion = 12.2;
					};
				};
			};
			buildConfigurationList = 9BF0873F25896E0A0042094D /* Build configuration list for PBXProject "Rendering Engine" */;
			compatibilityVersion = "Xcode 9.3";
			developmentRegion = en;
			hasScannedForEncodings = 0;
			knownRegions = (
				en,
				Base,
			);
			mainGroup = 9BF0873B25896E0A0042094D;
			productRefGroup = 9BF0874525896E0B0042094D /* Products */;
			projectDirPath = "";
			projectRoot = "";
			targets = (
				9BF0874325896E0B0042094D /* Rendering Engine */,
			);
		};
/* End PBXProject section */

/* Begin PBXResourcesBuildPhase section */
		9BF0874225896E0B0042094D /* Resources */ = {
			isa = PBXResourcesBuildPhase;
			buildActionMask = 2147483647;
			files = (
				9BF08786258971300042094D /* magic.obj in Resources */,
				9BF08780258971300042094D /* portal.mtl in Resources */,
				9BF08784258971300042094D /* train.obj in Resources */,
				9BF08782258971300042094D /* magic.mtl in Resources */,
				9BF0874C25896E0E0042094D /* Assets.xcassets in Resources */,
				9BF08788258971300042094D /* stairs.obj in Resources */,
				9BF08783258971300042094D /* stairs.mtl in Resources */,
				9BF08787258971300042094D /* train.mtl in Resources */,
				9BF08785258971300042094D /* treefir.obj in Resources */,
				9BF08789258971300042094D /* portal.obj in Resources */,
				9BF0874F25896E0E0042094D /* Main.storyboard in Resources */,
				9BF08781258971300042094D /* treefir.mtl in Resources */,
			);
			runOnlyForDeploymentPostprocessing = 0;
		};
/* End PBXResourcesBuildPhase section */

/* Begin PBXSourcesBuildPhase section */
		9BF0874025896E0B0042094D /* Sources */ = {
			isa = PBXSourcesBuildPhase;
			buildActionMask = 2147483647;
			files = (
				9BF0875D258970700042094D /* Shaders.metal in Sources */,
				9BF08791258971460042094D /* MathLibrary.swift in Sources */,
				9BF0874A25896E0B0042094D /* ViewController.swift in Sources */,
				9BF08773258970D50042094D /* VertexDescriptor.swift in Sources */,
				9BF0875A25896F6D0042094D /* Renderer.swift in Sources */,
				9BF08764258970BE0042094D /* Node.swift in Sources */,
				9BD857FC258A961E007D0515 /* DebugLights.metal in Sources */,
				9BF0874825896E0B0042094D /* AppDelegate.swift in Sources */,
				9BF08767258970C30042094D /* Camera.swift in Sources */,
				9BF0876D258970CC0042094D /* Mesh.swift in Sources */,
				9BF08770258970D10042094D /* Submesh.swift in Sources */,
				9BF08760258970B60042094D /* Primitive.swift in Sources */,
				9BD857FD258A961E007D0515 /* DebugLights.swift in Sources */,
				9BF0876A258970C70042094D /* Model.swift in Sources */,
			);
			runOnlyForDeploymentPostprocessing = 0;
		};
/* End PBXSourcesBuildPhase section */

/* Begin PBXVariantGroup section */
		9BF0874D25896E0E0042094D /* Main.storyboard */ = {
			isa = PBXVariantGroup;
			children = (
				9BF0874E25896E0E0042094D /* Base */,
			);
			name = Main.storyboard;
			sourceTree = "<group>";
		};
/* End PBXVariantGroup section */

/* Begin XCBuildConfiguration section */
		9BF0875225896E0E0042094D /* Debug */ = {
			isa = XCBuildConfiguration;
			buildSettings = {
				ALWAYS_SEARCH_USER_PATHS = NO;
				CLANG_ANALYZER_NONNULL = YES;
				CLANG_ANALYZER_NUMBER_OBJECT_CONVERSION = YES_AGGRESSIVE;
				CLANG_CXX_LANGUAGE_STANDARD = "gnu++14";
				CLANG_CXX_LIBRARY = "libc++";
				CLANG_ENABLE_MODULES = YES;
				CLANG_ENABLE_OBJC_ARC = YES;
				CLANG_ENABLE_OBJC_WEAK = YES;
				CLANG_WARN_BLOCK_CAPTURE_AUTORELEASING = YES;
				CLANG_WARN_BOOL_CONVERSION = YES;
				CLANG_WARN_COMMA = YES;
				CLANG_WARN_CONSTANT_CONVERSION = YES;
				CLANG_WARN_DEPRECATED_OBJC_IMPLEMENTATIONS = YES;
				CLANG_WARN_DIRECT_OBJC_ISA_USAGE = YES_ERROR;
				CLANG_WARN_DOCUMENTATION_COMMENTS = YES;
				CLANG_WARN_EMPTY_BODY = YES;
				CLANG_WARN_ENUM_CONVERSION = YES;
				CLANG_WARN_INFINITE_RECURSION = YES;
				CLANG_WARN_INT_CONVERSION = YES;
				CLANG_WARN_NON_LITERAL_NULL_CONVERSION = YES;
				CLANG_WARN_OBJC_IMPLICIT_RETAIN_SELF = YES;
				CLANG_WARN_OBJC_LITERAL_CONVERSION = YES;
				CLANG_WARN_OBJC_ROOT_CLASS = YES_ERROR;
				CLANG_WARN_QUOTED_INCLUDE_IN_FRAMEWORK_HEADER = YES;
				CLANG_WARN_RANGE_LOOP_ANALYSIS = YES;
				CLANG_WARN_STRICT_PROTOTYPES = YES;
				CLANG_WARN_SUSPICIOUS_MOVE = YES;
				CLANG_WARN_UNGUARDED_AVAILABILITY = YES_AGGRESSIVE;
				CLANG_WARN_UNREACHABLE_CODE = YES;
				CLANG_WARN__DUPLICATE_METHOD_MATCH = YES;
				COPY_PHASE_STRIP = NO;
				DEBUG_INFORMATION_FORMAT = dwarf;
				ENABLE_STRICT_OBJC_MSGSEND = YES;
				ENABLE_TESTABILITY = YES;
				GCC_C_LANGUAGE_STANDARD = gnu11;
				GCC_DYNAMIC_NO_PIC = NO;
				GCC_NO_COMMON_BLOCKS = YES;
				GCC_OPTIMIZATION_LEVEL = 0;
				GCC_PREPROCESSOR_DEFINITIONS = (
					"DEBUG=1",
					"$(inherited)",
				);
				GCC_WARN_64_TO_32_BIT_CONVERSION = YES;
				GCC_WARN_ABOUT_RETURN_TYPE = YES_ERROR;
				GCC_WARN_UNDECLARED_SELECTOR = YES;
				GCC_WARN_UNINITIALIZED_AUTOS = YES_AGGRESSIVE;
				GCC_WARN_UNUSED_FUNCTION = YES;
				GCC_WARN_UNUSED_VARIABLE = YES;
				MACOSX_DEPLOYMENT_TARGET = 11.0;
				MTL_ENABLE_DEBUG_INFO = INCLUDE_SOURCE;
				MTL_FAST_MATH = YES;
				ONLY_ACTIVE_ARCH = YES;
				SDKROOT = macosx;
				SWIFT_ACTIVE_COMPILATION_CONDITIONS = DEBUG;
				SWIFT_OBJC_BRIDGING_HEADER = "Rendering Engine/Common.h";
				SWIFT_OPTIMIZATION_LEVEL = "-Onone";
			};
			name = Debug;
		};
		9BF0875325896E0E0042094D /* Release */ = {
			isa = XCBuildConfiguration;
			buildSettings = {
				ALWAYS_SEARCH_USER_PATHS = NO;
				CLANG_ANALYZER_NONNULL = YES;
				CLANG_ANALYZER_NUMBER_OBJECT_CONVERSION = YES_AGGRESSIVE;
				CLANG_CXX_LANGUAGE_STANDARD = "gnu++14";
				CLANG_CXX_LIBRARY = "libc++";
				CLANG_ENABLE_MODULES = YES;
				CLANG_ENABLE_OBJC_ARC = YES;
				CLANG_ENABLE_OBJC_WEAK = YES;
				CLANG_WARN_BLOCK_CAPTURE_AUTORELEASING = YES;
				CLANG_WARN_BOOL_CONVERSION = YES;
				CLANG_WARN_COMMA = YES;
				CLANG_WARN_CONSTANT_CONVERSION = YES;
				CLANG_WARN_DEPRECATED_OBJC_IMPLEMENTATIONS = YES;
				CLANG_WARN_DIRECT_OBJC_ISA_USAGE = YES_ERROR;
				CLANG_WARN_DOCUMENTATION_COMMENTS = YES;
				CLANG_WARN_EMPTY_BODY = YES;
				CLANG_WARN_ENUM_CONVERSION = YES;
				CLANG_WARN_INFINITE_RECURSION = YES;
				CLANG_WARN_INT_CONVERSION = YES;
				CLANG_WARN_NON_LITERAL_NULL_CONVERSION = YES;
				CLANG_WARN_OBJC_IMPLICIT_RETAIN_SELF = YES;
				CLANG_WARN_OBJC_LITERAL_CONVERSION = YES;
				CLANG_WARN_OBJC_ROOT_CLASS = YES_ERROR;
				CLANG_WARN_QUOTED_INCLUDE_IN_FRAMEWORK_HEADER = YES;
				CLANG_WARN_RANGE_LOOP_ANALYSIS = YES;
				CLANG_WARN_STRICT_PROTOTYPES = YES;
				CLANG_WARN_SUSPICIOUS_MOVE = YES;
				CLANG_WARN_UNGUARDED_AVAILABILITY = YES_AGGRESSIVE;
				CLANG_WARN_UNREACHABLE_CODE = YES;
				CLANG_WARN__DUPLICATE_METHOD_MATCH = YES;
				COPY_PHASE_STRIP = NO;
				DEBUG_INFORMATION_FORMAT = "dwarf-with-dsym";
				ENABLE_NS_ASSERTIONS = NO;
				ENABLE_STRICT_OBJC_MSGSEND = YES;
				GCC_C_LANGUAGE_STANDARD = gnu11;
				GCC_NO_COMMON_BLOCKS = YES;
				GCC_WARN_64_TO_32_BIT_CONVERSION = YES;
				GCC_WARN_ABOUT_RETURN_TYPE = YES_ERROR;
				GCC_WARN_UNDECLARED_SELECTOR = YES;
				GCC_WARN_UNINITIALIZED_AUTOS = YES_AGGRESSIVE;
				GCC_WARN_UNUSED_FUNCTION = YES;
				GCC_WARN_UNUSED_VARIABLE = YES;
				MACOSX_DEPLOYMENT_TARGET = 11.0;
				MTL_ENABLE_DEBUG_INFO = NO;
				MTL_FAST_MATH = YES;
				SDKROOT = macosx;
				SWIFT_COMPILATION_MODE = wholemodule;
				SWIFT_OBJC_BRIDGING_HEADER = "Rendering Engine/Common.h";
				SWIFT_OPTIMIZATION_LEVEL = "-O";
			};
			name = Release;
		};
		9BF0875525896E0E0042094D /* Debug */ = {
			isa = XCBuildConfiguration;
			buildSettings = {
				ASSETCATALOG_COMPILER_APPICON_NAME = AppIcon;
				ASSETCATALOG_COMPILER_GLOBAL_ACCENT_COLOR_NAME = AccentColor;
				CODE_SIGN_ENTITLEMENTS = "Rendering Engine/Rendering_Engine.entitlements";
				CODE_SIGN_STYLE = Automatic;
				COMBINE_HIDPI_IMAGES = YES;
				DEVELOPMENT_TEAM = 8CTGEUBGR5;
				ENABLE_HARDENED_RUNTIME = YES;
				INFOPLIST_FILE = "Rendering Engine/Info.plist";
				LD_RUNPATH_SEARCH_PATHS = (
					"$(inherited)",
					"@executable_path/../Frameworks",
				);
				PRODUCT_BUNDLE_IDENTIFIER = "com.alchwi.renderingEngine.Rendering-Engine";
				PRODUCT_NAME = "$(TARGET_NAME)";
				SWIFT_VERSION = 5.0;
			};
			name = Debug;
		};
		9BF0875625896E0E0042094D /* Release */ = {
			isa = XCBuildConfiguration;
			buildSettings = {
				ASSETCATALOG_COMPILER_APPICON_NAME = AppIcon;
				ASSETCATALOG_COMPILER_GLOBAL_ACCENT_COLOR_NAME = AccentColor;
				CODE_SIGN_ENTITLEMENTS = "Rendering Engine/Rendering_Engine.entitlements";
				CODE_SIGN_STYLE = Automatic;
				COMBINE_HIDPI_IMAGES = YES;
				DEVELOPMENT_TEAM = 8CTGEUBGR5;
				ENABLE_HARDENED_RUNTIME = YES;
				INFOPLIST_FILE = "Rendering Engine/Info.plist";
				LD_RUNPATH_SEARCH_PATHS = (
					"$(inherited)",
					"@executable_path/../Frameworks",
				);
				PRODUCT_BUNDLE_IDENTIFIER = "com.alchwi.renderingEngine.Rendering-Engine";
				PRODUCT_NAME = "$(TARGET_NAME)";
				SWIFT_VERSION = 5.0;
			};
			name = Release;
		};
/* End XCBuildConfiguration section */

/* Begin XCConfigurationList section */
		9BF0873F25896E0A0042094D /* Build configuration list for PBXProject "Rendering Engine" */ = {
			isa = XCConfigurationList;
			buildConfigurations = (
				9BF0875225896E0E0042094D /* Debug */,
				9BF0875325896E0E0042094D /* Release */,
			);
			defaultConfigurationIsVisible = 0;
			defaultConfigurationName = Release;
		};
		9BF0875425896E0E0042094D /* Build configuration list for PBXNativeTarget "Rendering Engine" */ = {
			isa = XCConfigurationList;
			buildConfigurations = (
				9BF0875525896E0E0042094D /* Debug */,
				9BF0875625896E0E0042094D /* Release */,
			);
			defaultConfigurationIsVisible = 0;
			defaultConfigurationName = Release;
		};
/* End XCConfigurationList section */
	};
	rootObject = 9BF0873C25896E0A0042094D /* Project object */;
}
